
Microsoft Visual Studio Solution File, Format Version 12.00
# Visual Studio Version 17
VisualStudioVersion = 17.2.32616.157
MinimumVisualStudioVersion = 10.0.40219.1
Project("{FAE04EC0-301F-11D3-BF4B-00C04F79EFBC}") = "front-asp", "front-asp\front-asp.csproj", "{B7792C17-7C23-491B-A35E-1BAF2A690A60}"
EndProject
Global
	GlobalSection(SolutionConfigurationPlatforms) = preSolution
		Debug|Any CPU = Debug|Any CPU
		Release|Any CPU = Release|Any CPU
	EndGlobalSection
	GlobalSection(ProjectConfigurationPlatforms) = postSolution
		{B7792C17-7C23-491B-A35E-1BAF2A690A60}.Debug|Any CPU.ActiveCfg = Debug|Any CPU
		{B7792C17-7C23-491B-A35E-1BAF2A690A60}.Debug|Any CPU.Build.0 = Debug|Any CPU
		{B7792C17-7C23-491B-A35E-1BAF2A690A60}.Release|Any CPU.ActiveCfg = Release|Any CPU
		{B7792C17-7C23-491B-A35E-1BAF2A690A60}.Release|Any CPU.Build.0 = Release|Any CPU
	EndGlobalSection
	GlobalSection(SolutionProperties) = preSolution
		HideSolutionNode = FALSE
	EndGlobalSection
	GlobalSection(ExtensibilityGlobals) = postSolution
		SolutionGuid = {213558E0-2986-45F3-8580-3632AB95EC6D}
	EndGlobalSection
EndGlobal
